
Microsoft Visual Studio Solution File, Format Version 12.00
# Visual Studio Version 17
VisualStudioVersion = 17.6.33712.159
MinimumVisualStudioVersion = 10.0.40219.1
Project("{FAE04EC0-301F-11D3-BF4B-00C04F79EFBC}") = "PruebaCodigo", "PruebaCodigo\PruebaCodigo.csproj", "{F246D3A5-ECA2-4E73-B9A6-966EA7EE46EA}"
EndProject
Global
	GlobalSection(SolutionConfigurationPlatforms) = preSolution
		Debug|Any CPU = Debug|Any CPU
		Release|Any CPU = Release|Any CPU
	EndGlobalSection
	GlobalSection(ProjectConfigurationPlatforms) = postSolution
		{F246D3A5-ECA2-4E73-B9A6-966EA7EE46EA}.Debug|Any CPU.ActiveCfg = Debug|Any CPU
		{F246D3A5-ECA2-4E73-B9A6-966EA7EE46EA}.Debug|Any CPU.Build.0 = Debug|Any CPU
		{F246D3A5-ECA2-4E73-B9A6-966EA7EE46EA}.Release|Any CPU.ActiveCfg = Release|Any CPU
		{F246D3A5-ECA2-4E73-B9A6-966EA7EE46EA}.Release|Any CPU.Build.0 = Release|Any CPU
	EndGlobalSection
	GlobalSection(SolutionProperties) = preSolution
		HideSolutionNode = FALSE
	EndGlobalSection
	GlobalSection(ExtensibilityGlobals) = postSolution
		SolutionGuid = {279347C6-ABD3-462D-BAED-24C8A9F39190}
	EndGlobalSection
EndGlobal
